# THIS IS AN AUTOGENERATED FILE. DO NOT EDIT THIS FILE DIRECTLY.
# yarn lockfile v1


apollo-upload-client@^16.0.0:
  version "16.0.0"
  resolved "https://registry.yarnpkg.com/apollo-upload-client/-/apollo-upload-client-16.0.0.tgz#704c9bc21e12bd4687172876eb927cf756b2e524"
  integrity sha512-aLhYucyA0T8aBEQ5g+p13qnR9RUyL8xqb8FSZ7e/Kw2KUOsotLUlFluLobqaE7JSUFwc6sKfXIcwB7y4yEjbZg==
  dependencies:
    extract-files "^11.0.0"

extract-files@^11.0.0:
  version "11.0.0"
  resolved "https://registry.yarnpkg.com/extract-files/-/extract-files-11.0.0.tgz#b72d428712f787eef1f5193aff8ab5351ca8469a"
  integrity sha512-FuoE1qtbJ4bBVvv94CC7s0oTnKUGvQs+Rjf1L2SJFfS+HTVVjhPFtehPdQ0JiGPqVNfSSZvL5yzHHQq2Z4WNhQ==
